
Microsoft Visual Studio Solution File, Format Version 12.00
# Visual Studio Version 16
VisualStudioVersion = 16.0.31702.278
MinimumVisualStudioVersion = 10.0.40219.1
Project("{FAE04EC0-301F-11D3-BF4B-00C04F79EFBC}") = "TB.ANALYSTE.Exos.page138", "TB.ANALYSTE.Exos.Bases\TB.ANALYSTE.Exos.page138.csproj", "{6280C638-1617-4462-9126-A63F1EDC96B5}"
EndProject
Global
	GlobalSection(SolutionConfigurationPlatforms) = preSolution
		Debug|Any CPU = Debug|Any CPU
		Release|Any CPU = Release|Any CPU
	EndGlobalSection
	GlobalSection(ProjectConfigurationPlatforms) = postSolution
		{6280C638-1617-4462-9126-A63F1EDC96B5}.Debug|Any CPU.ActiveCfg = Debug|Any CPU
		{6280C638-1617-4462-9126-A63F1EDC96B5}.Debug|Any CPU.Build.0 = Debug|Any CPU
		{6280C638-1617-4462-9126-A63F1EDC96B5}.Release|Any CPU.ActiveCfg = Release|Any CPU
		{6280C638-1617-4462-9126-A63F1EDC96B5}.Release|Any CPU.Build.0 = Release|Any CPU
	EndGlobalSection
	GlobalSection(SolutionProperties) = preSolution
		HideSolutionNode = FALSE
	EndGlobalSection
	GlobalSection(ExtensibilityGlobals) = postSolution
		SolutionGuid = {C5D94F9F-4AAA-45C7-B775-DE1F6CFADF68}
	EndGlobalSection
EndGlobal
